// !$*UTF8*$!
{
	archiveVersion = 1;
	classes = {
	};
	objectVersion = 48;
	objects = {

/* Begin PBXBuildFile section */
		3B0E822E1FC7D06F002EC856 /* Assets.xcassets in Resources */ = {isa = PBXBuildFile; fileRef = 3B0E822D1FC7D06F002EC856 /* Assets.xcassets */; };
		3B0E82311FC7D06F002EC856 /* LaunchScreen.storyboard in Resources */ = {isa = PBXBuildFile; fileRef = 3B0E822F1FC7D06F002EC856 /* LaunchScreen.storyboard */; };
		3B0E82341FC7D06F002EC856 /* main.m in Sources */ = {isa = PBXBuildFile; fileRef = 3B0E82331FC7D06F002EC856 /* main.m */; };
		3B0E823E1FC7D06F002EC856 /* TILVBDemoTests.m in Sources */ = {isa = PBXBuildFile; fileRef = 3B0E823D1FC7D06F002EC856 /* TILVBDemoTests.m */; };
		3B0E82491FC7D070002EC856 /* TILVBDemoUITests.m in Sources */ = {isa = PBXBuildFile; fileRef = 3B0E82481FC7D070002EC856 /* TILVBDemoUITests.m */; };
		3B0E825A1FC808FD002EC856 /* AppDelegate.m in Sources */ = {isa = PBXBuildFile; fileRef = 3B0E82591FC808FD002EC856 /* AppDelegate.m */; };
		3B0E82611FC80B1F002EC856 /* RegistViewController.m in Sources */ = {isa = PBXBuildFile; fileRef = 3B0E82601FC80B1F002EC856 /* RegistViewController.m */; };
		3B0E82641FC80B3E002EC856 /* LoginViewController.m in Sources */ = {isa = PBXBuildFile; fileRef = 3B0E82631FC80B3E002EC856 /* LoginViewController.m */; };
		3B0E82711FC81C84002EC856 /* TILVBRequestServer.m in Sources */ = {isa = PBXBuildFile; fileRef = 3B0E82701FC81C84002EC856 /* TILVBRequestServer.m */; };
		3B0E82741FC81F96002EC856 /* TILVBRequestServer+RequestManager.m in Sources */ = {isa = PBXBuildFile; fileRef = 3B0E82731FC81F96002EC856 /* TILVBRequestServer+RequestManager.m */; };
		3B2FB6861FCD5A1B00DC5A51 /* LiveListTableViewCell.m in Sources */ = {isa = PBXBuildFile; fileRef = 3B2FB6851FCD5A1A00DC5A51 /* LiveListTableViewCell.m */; };
		3B2FB6931FCD5D4400DC5A51 /* UIColor+MLPFlatColors.m in Sources */ = {isa = PBXBuildFile; fileRef = 3B2FB68A1FCD5D4400DC5A51 /* UIColor+MLPFlatColors.m */; };
		3B2FB6941FCD5D4400DC5A51 /* UIImage+Common.m in Sources */ = {isa = PBXBuildFile; fileRef = 3B2FB68C1FCD5D4400DC5A51 /* UIImage+Common.m */; };
		3B2FB6951FCD5D4400DC5A51 /* UIImage+TintColor.m in Sources */ = {isa = PBXBuildFile; fileRef = 3B2FB68E1FCD5D4400DC5A51 /* UIImage+TintColor.m */; };
		3B2FB6961FCD5D4400DC5A51 /* UIView+CustomAutoLayout.m in Sources */ = {isa = PBXBuildFile; fileRef = 3B2FB6901FCD5D4400DC5A51 /* UIView+CustomAutoLayout.m */; };
		3B2FB6971FCD5D4400DC5A51 /* UIView+ShakeAnimation.m in Sources */ = {isa = PBXBuildFile; fileRef = 3B2FB6921FCD5D4400DC5A51 /* UIView+ShakeAnimation.m */; };
		3B2FB69A1FCD601500DC5A51 /* RoomListRequest.m in Sources */ = {isa = PBXBuildFile; fileRef = 3B2FB6991FCD601500DC5A51 /* RoomListRequest.m */; };
		3BCEA24F1FCBE08F00D0D8EB /* VideoToolbox.framework in Frameworks */ = {isa = PBXBuildFile; fileRef = 3BCEA24E1FCBE08800D0D8EB /* VideoToolbox.framework */; };
		3BCEA2501FCBE09200D0D8EB /* UIKit.framework in Frameworks */ = {isa = PBXBuildFile; fileRef = 3BCEA24D1FCBE07E00D0D8EB /* UIKit.framework */; };
		3BCEA2511FCBE09400D0D8EB /* SystemConfiguration.framework in Frameworks */ = {isa = PBXBuildFile; fileRef = 3BCEA24C1FCBE07800D0D8EB /* SystemConfiguration.framework */; };
		3BCEA2521FCBE09600D0D8EB /* QuartzCore.framework in Frameworks */ = {isa = PBXBuildFile; fileRef = 3BCEA24B1FCBE07200D0D8EB /* QuartzCore.framework */; };
		3BCEA2531FCBE09800D0D8EB /* OpenGLES.framework in Frameworks */ = {isa = PBXBuildFile; fileRef = 3BCEA24A1FCBE06900D0D8EB /* OpenGLES.framework */; };
		3BCEA2541FCBE09A00D0D8EB /* OpenAL.framework in Frameworks */ = {isa = PBXBuildFile; fileRef = 3BCEA2491FCBE05E00D0D8EB /* OpenAL.framework */; };
		3BCEA2551FCBE09C00D0D8EB /* Accelerate.framework in Frameworks */ = {isa = PBXBuildFile; fileRef = 3BCEA2481FCBE05400D0D8EB /* Accelerate.framework */; };
		3BCEA2561FCBE09E00D0D8EB /* AssetsLibrary.framework in Frameworks */ = {isa = PBXBuildFile; fileRef = 3BCEA2471FCBE04100D0D8EB /* AssetsLibrary.framework */; };
		3BCEA2571FCBE0A000D0D8EB /* AVFoundation.framework in Frameworks */ = {isa = PBXBuildFile; fileRef = 3BCEA2461FCBE03800D0D8EB /* AVFoundation.framework */; };
		3BCEA2581FCBE0A300D0D8EB /* AVKit.framework in Frameworks */ = {isa = PBXBuildFile; fileRef = 3BCEA2451FCBE03300D0D8EB /* AVKit.framework */; };
		3BCEA2591FCBE0A500D0D8EB /* CoreGraphics.framework in Frameworks */ = {isa = PBXBuildFile; fileRef = 3BCEA2441FCBE02C00D0D8EB /* CoreGraphics.framework */; };
		3BCEA25A1FCBE0A800D0D8EB /* CoreMedia.framework in Frameworks */ = {isa = PBXBuildFile; fileRef = 3BCEA2431FCBE01C00D0D8EB /* CoreMedia.framework */; };
		3BCEA25B1FCBE0AA00D0D8EB /* CoreVideo.framework in Frameworks */ = {isa = PBXBuildFile; fileRef = 3BCEA2421FCBE01300D0D8EB /* CoreVideo.framework */; };
		3BCEA25C1FCBE0AC00D0D8EB /* CoreTelephony.framework in Frameworks */ = {isa = PBXBuildFile; fileRef = 3BCEA2411FCBE00B00D0D8EB /* CoreTelephony.framework */; };
		3BCEA25D1FCBE0AE00D0D8EB /* Foundation.framework in Frameworks */ = {isa = PBXBuildFile; fileRef = 3BCEA2401FCBDFFB00D0D8EB /* Foundation.framework */; };
		3BCEA25E1FCBE0B000D0D8EB /* ImageIO.framework in Frameworks */ = {isa = PBXBuildFile; fileRef = 3BCEA23F1FCBDFF100D0D8EB /* ImageIO.framework */; };
		3BCEA25F1FCBE0B300D0D8EB /* JavaScriptCore.framework in Frameworks */ = {isa = PBXBuildFile; fileRef = 3BCEA23E1FCBDFDE00D0D8EB /* JavaScriptCore.framework */; };
		3BCEA2611FCBE0C500D0D8EB /* libbz2.tbd in Frameworks */ = {isa = PBXBuildFile; fileRef = 3BCEA2601FCBE0C400D0D8EB /* libbz2.tbd */; };
		3BCEA2631FCBE0D200D0D8EB /* libc++.tbd in Frameworks */ = {isa = PBXBuildFile; fileRef = 3BCEA2621FCBE0D200D0D8EB /* libc++.tbd */; };
		3BCEA2651FCBE0DD00D0D8EB /* libiconv.tbd in Frameworks */ = {isa = PBXBuildFile; fileRef = 3BCEA2641FCBE0DD00D0D8EB /* libiconv.tbd */; };
		3BCEA2671FCBE0FD00D0D8EB /* libicucore.tbd in Frameworks */ = {isa = PBXBuildFile; fileRef = 3BCEA2661FCBE0FD00D0D8EB /* libicucore.tbd */; };
		3BCEA2691FCBE10B00D0D8EB /* libresolv.tbd in Frameworks */ = {isa = PBXBuildFile; fileRef = 3BCEA2681FCBE10B00D0D8EB /* libresolv.tbd */; };
		3BCEA26B1FCBE12200D0D8EB /* libsqlite3.tbd in Frameworks */ = {isa = PBXBuildFile; fileRef = 3BCEA26A1FCBE12200D0D8EB /* libsqlite3.tbd */; };
		3BCEA26D1FCBE13200D0D8EB /* libstdc++.tbd in Frameworks */ = {isa = PBXBuildFile; fileRef = 3BCEA26C1FCBE13100D0D8EB /* libstdc++.tbd */; };
		3BCEA26F1FCBE15400D0D8EB /* libstdc++.6.tbd in Frameworks */ = {isa = PBXBuildFile; fileRef = 3BCEA26E1FCBE15400D0D8EB /* libstdc++.6.tbd */; };
		3BCEA2711FCBE15F00D0D8EB /* libz.tbd in Frameworks */ = {isa = PBXBuildFile; fileRef = 3BCEA2701FCBE15F00D0D8EB /* libz.tbd */; };
		3BCEA2931FCBE34700D0D8EB /* BaseRequest.m in Sources */ = {isa = PBXBuildFile; fileRef = 3BCEA2811FCBE34700D0D8EB /* BaseRequest.m */; };
		3BCEA2941FCBE34700D0D8EB /* JSONKit.m in Sources */ = {isa = PBXBuildFile; fileRef = 3BCEA2841FCBE34700D0D8EB /* JSONKit.m */; settings = {COMPILER_FLAGS = "-fno-objc-arc"; }; };
		3BCEA2951FCBE34700D0D8EB /* NSMutableDictionary+Json.m in Sources */ = {isa = PBXBuildFile; fileRef = 3BCEA2861FCBE34700D0D8EB /* NSMutableDictionary+Json.m */; };
		3BCEA2961FCBE34700D0D8EB /* NSObject+Json.m in Sources */ = {isa = PBXBuildFile; fileRef = 3BCEA2881FCBE34700D0D8EB /* NSObject+Json.m */; };
		3BCEA2971FCBE34700D0D8EB /* LoginRequest.m in Sources */ = {isa = PBXBuildFile; fileRef = 3BCEA28B1FCBE34700D0D8EB /* LoginRequest.m */; };
		3BCEA2981FCBE34700D0D8EB /* RegistRequest.m in Sources */ = {isa = PBXBuildFile; fileRef = 3BCEA28D1FCBE34700D0D8EB /* RegistRequest.m */; };
		3BCEA2991FCBE34700D0D8EB /* WebModels.m in Sources */ = {isa = PBXBuildFile; fileRef = 3BCEA28F1FCBE34700D0D8EB /* WebModels.m */; };
		3BCEA29A1FCBE34700D0D8EB /* WebServiceEngine.m in Sources */ = {isa = PBXBuildFile; fileRef = 3BCEA2911FCBE34700D0D8EB /* WebServiceEngine.m */; };
		3BCEA2B21FCBE4FC00D0D8EB /* QAVSDK.framework in Frameworks */ = {isa = PBXBuildFile; fileRef = 3BCEA29E1FCBE4FC00D0D8EB /* QAVSDK.framework */; };
		3BCEA2B31FCBE4FC00D0D8EB /* ILiveSDK.framework in Frameworks */ = {isa = PBXBuildFile; fileRef = 3BCEA2A01FCBE4FC00D0D8EB /* ILiveSDK.framework */; };
		3BCEA2B41FCBE4FC00D0D8EB /* TILFilterResource.bundle in Resources */ = {isa = PBXBuildFile; fileRef = 3BCEA2A11FCBE4FC00D0D8EB /* TILFilterResource.bundle */; };
		3BCEA2B51FCBE4FC00D0D8EB /* TILFilterSDK.framework in Frameworks */ = {isa = PBXBuildFile; fileRef = 3BCEA2A21FCBE4FC00D0D8EB /* TILFilterSDK.framework */; };
		3BCEA2B61FCBE4FC00D0D8EB /* TILLiveSDK.framework in Frameworks */ = {isa = PBXBuildFile; fileRef = 3BCEA2A31FCBE4FC00D0D8EB /* TILLiveSDK.framework */; };
		3BCEA2B71FCBE4FC00D0D8EB /* IMCore.framework in Frameworks */ = {isa = PBXBuildFile; fileRef = 3BCEA2A51FCBE4FC00D0D8EB /* IMCore.framework */; };
		3BCEA2B81FCBE4FC00D0D8EB /* ImSDK.framework in Frameworks */ = {isa = PBXBuildFile; fileRef = 3BCEA2A61FCBE4FC00D0D8EB /* ImSDK.framework */; };
		3BCEA2B91FCBE4FC00D0D8EB /* IMSDKBugly.framework in Frameworks */ = {isa = PBXBuildFile; fileRef = 3BCEA2A71FCBE4FC00D0D8EB /* IMSDKBugly.framework */; };
		3BCEA2BA1FCBE4FC00D0D8EB /* QALSDK.framework in Frameworks */ = {isa = PBXBuildFile; fileRef = 3BCEA2A81FCBE4FC00D0D8EB /* QALSDK.framework */; };
		3BCEA2BB1FCBE4FC00D0D8EB /* TLSSDK.framework in Frameworks */ = {isa = PBXBuildFile; fileRef = 3BCEA2A91FCBE4FC00D0D8EB /* TLSSDK.framework */; };
		3BCEA2BD1FCBE4FC00D0D8EB /* DecoRes.bundle in Resources */ = {isa = PBXBuildFile; fileRef = 3BCEA2AC1FCBE4FC00D0D8EB /* DecoRes.bundle */; };
		3BCEA2BE1FCBE4FC00D0D8EB /* FilterRes.bundle in Resources */ = {isa = PBXBuildFile; fileRef = 3BCEA2AD1FCBE4FC00D0D8EB /* FilterRes.bundle */; };
		3BCEA2BF1FCBE4FC00D0D8EB /* opencv2.framework in Frameworks */ = {isa = PBXBuildFile; fileRef = 3BCEA2AE1FCBE4FC00D0D8EB /* opencv2.framework */; };
		3BCEA2C01FCBE4FC00D0D8EB /* PE.dat in Resources */ = {isa = PBXBuildFile; fileRef = 3BCEA2AF1FCBE4FC00D0D8EB /* PE.dat */; };
		3BCEA2C11FCBE4FC00D0D8EB /* QAVEffect.framework in Frameworks */ = {isa = PBXBuildFile; fileRef = 3BCEA2B01FCBE4FC00D0D8EB /* QAVEffect.framework */; };
		3BCEA2C21FCBE4FC00D0D8EB /* QAVEffectRes.bundle in Resources */ = {isa = PBXBuildFile; fileRef = 3BCEA2B11FCBE4FC00D0D8EB /* QAVEffectRes.bundle */; };
		3BCEA2C61FCBFD7000D0D8EB /* AlertHelp.m in Sources */ = {isa = PBXBuildFile; fileRef = 3BCEA2C51FCBFD7000D0D8EB /* AlertHelp.m */; };
		3BCEA2CC1FCC084000D0D8EB /* LiveMainViewController.m in Sources */ = {isa = PBXBuildFile; fileRef = 3BCEA2CB1FCC084000D0D8EB /* LiveMainViewController.m */; };
		3BCEA2CF1FCD170200D0D8EB /* LiveListViewController.m in Sources */ = {isa = PBXBuildFile; fileRef = 3BCEA2CE1FCD170200D0D8EB /* LiveListViewController.m */; };
		3BCEA2D21FCD173B00D0D8EB /* RecordListViewController.m in Sources */ = {isa = PBXBuildFile; fileRef = 3BCEA2D11FCD173B00D0D8EB /* RecordListViewController.m */; };
		68001A27BAE74A7360A2F29A /* libPods-TILVBDemo.a in Frameworks */ = {isa = PBXBuildFile; fileRef = 9631520CC7D232B8FD409FEE /* libPods-TILVBDemo.a */; };
/* End PBXBuildFile section */

/* Begin PBXContainerItemProxy section */
		3B0E823A1FC7D06F002EC856 /* PBXContainerItemProxy */ = {
			isa = PBXContainerItemProxy;
			containerPortal = 3B0E82191FC7D06F002EC856 /* Project object */;
			proxyType = 1;
			remoteGlobalIDString = 3B0E82201FC7D06F002EC856;
			remoteInfo = TILVBDemo;
		};
		3B0E82451FC7D06F002EC856 /* PBXContainerItemProxy */ = {
			isa = PBXContainerItemProxy;
			containerPortal = 3B0E82191FC7D06F002EC856 /* Project object */;
			proxyType = 1;
			remoteGlobalIDString = 3B0E82201FC7D06F002EC856;
			remoteInfo = TILVBDemo;
		};
/* End PBXContainerItemProxy section */

/* Begin PBXFileReference section */
		018B9F5A18C8B8CC563ADE15 /* Pods-TILVBDemo.release.xcconfig */ = {isa = PBXFileReference; includeInIndex = 1; lastKnownFileType = text.xcconfig; name = "Pods-TILVBDemo.release.xcconfig"; path = "Pods/Target Support Files/Pods-TILVBDemo/Pods-TILVBDemo.release.xcconfig"; sourceTree = "<group>"; };
		304BD778ED04B9418ED15E8E /* Pods-TILVBDemo.debug.xcconfig */ = {isa = PBXFileReference; includeInIndex = 1; lastKnownFileType = text.xcconfig; name = "Pods-TILVBDemo.debug.xcconfig"; path = "Pods/Target Support Files/Pods-TILVBDemo/Pods-TILVBDemo.debug.xcconfig"; sourceTree = "<group>"; };
		3B0E82211FC7D06F002EC856 /* TILVBDemo.app */ = {isa = PBXFileReference; explicitFileType = wrapper.application; includeInIndex = 0; path = TILVBDemo.app; sourceTree = BUILT_PRODUCTS_DIR; };
		3B0E822D1FC7D06F002EC856 /* Assets.xcassets */ = {isa = PBXFileReference; lastKnownFileType = folder.assetcatalog; path = Assets.xcassets; sourceTree = "<group>"; };
		3B0E82301FC7D06F002EC856 /* Base */ = {isa = PBXFileReference; lastKnownFileType = file.storyboard; name = Base; path = Base.lproj/LaunchScreen.storyboard; sourceTree = "<group>"; };
		3B0E82321FC7D06F002EC856 /* Info.plist */ = {isa = PBXFileReference; lastKnownFileType = text.plist.xml; path = Info.plist; sourceTree = "<group>"; };
		3B0E82331FC7D06F002EC856 /* main.m */ = {isa = PBXFileReference; lastKnownFileType = sourcecode.c.objc; path = main.m; sourceTree = "<group>"; };
		3B0E82391FC7D06F002EC856 /* TILVBDemoTests.xctest */ = {isa = PBXFileReference; explicitFileType = wrapper.cfbundle; includeInIndex = 0; path = TILVBDemoTests.xctest; sourceTree = BUILT_PRODUCTS_DIR; };
		3B0E823D1FC7D06F002EC856 /* TILVBDemoTests.m */ = {isa = PBXFileReference; lastKnownFileType = sourcecode.c.objc; path = TILVBDemoTests.m; sourceTree = "<group>"; };
		3B0E823F1FC7D06F002EC856 /* Info.plist */ = {isa = PBXFileReference; lastKnownFileType = text.plist.xml; path = Info.plist; sourceTree = "<group>"; };
		3B0E82441FC7D06F002EC856 /* TILVBDemoUITests.xctest */ = {isa = PBXFileReference; explicitFileType = wrapper.cfbundle; includeInIndex = 0; path = TILVBDemoUITests.xctest; sourceTree = BUILT_PRODUCTS_DIR; };
		3B0E82481FC7D070002EC856 /* TILVBDemoUITests.m */ = {isa = PBXFileReference; lastKnownFileType = sourcecode.c.objc; path = TILVBDemoUITests.m; sourceTree = "<group>"; };
		3B0E824A1FC7D070002EC856 /* Info.plist */ = {isa = PBXFileReference; lastKnownFileType = text.plist.xml; path = Info.plist; sourceTree = "<group>"; };
		3B0E82561FC7F4B6002EC856 /* TILVBDemo.pch */ = {isa = PBXFileReference; lastKnownFileType = sourcecode.c.h; path = TILVBDemo.pch; sourceTree = "<group>"; };
		3B0E82581FC808FD002EC856 /* AppDelegate.h */ = {isa = PBXFileReference; fileEncoding = 4; lastKnownFileType = sourcecode.c.h; path = AppDelegate.h; sourceTree = "<group>"; };
		3B0E82591FC808FD002EC856 /* AppDelegate.m */ = {isa = PBXFileReference; fileEncoding = 4; lastKnownFileType = sourcecode.c.objc; path = AppDelegate.m; sourceTree = "<group>"; };
		3B0E825F1FC80B1F002EC856 /* RegistViewController.h */ = {isa = PBXFileReference; lastKnownFileType = sourcecode.c.h; path = RegistViewController.h; sourceTree = "<group>"; };
		3B0E82601FC80B1F002EC856 /* RegistViewController.m */ = {isa = PBXFileReference; lastKnownFileType = sourcecode.c.objc; path = RegistViewController.m; sourceTree = "<group>"; };
		3B0E82621FC80B3E002EC856 /* LoginViewController.h */ = {isa = PBXFileReference; lastKnownFileType = sourcecode.c.h; path = LoginViewController.h; sourceTree = "<group>"; };
		3B0E82631FC80B3E002EC856 /* LoginViewController.m */ = {isa = PBXFileReference; lastKnownFileType = sourcecode.c.objc; path = LoginViewController.m; sourceTree = "<group>"; };
		3B0E826F1FC81C84002EC856 /* TILVBRequestServer.h */ = {isa = PBXFileReference; lastKnownFileType = sourcecode.c.h; path = TILVBRequestServer.h; sourceTree = "<group>"; };
		3B0E82701FC81C84002EC856 /* TILVBRequestServer.m */ = {isa = PBXFileReference; lastKnownFileType = sourcecode.c.objc; path = TILVBRequestServer.m; sourceTree = "<group>"; };
		3B0E82721FC81F96002EC856 /* TILVBRequestServer+RequestManager.h */ = {isa = PBXFileReference; lastKnownFileType = sourcecode.c.h; path = "TILVBRequestServer+RequestManager.h"; sourceTree = "<group>"; };
		3B0E82731FC81F96002EC856 /* TILVBRequestServer+RequestManager.m */ = {isa = PBXFileReference; lastKnownFileType = sourcecode.c.objc; path = "TILVBRequestServer+RequestManager.m"; sourceTree = "<group>"; };
		3B2FB6841FCD5A1A00DC5A51 /* LiveListTableViewCell.h */ = {isa = PBXFileReference; fileEncoding = 4; lastKnownFileType = sourcecode.c.h; path = LiveListTableViewCell.h; sourceTree = "<group>"; };
		3B2FB6851FCD5A1A00DC5A51 /* LiveListTableViewCell.m */ = {isa = PBXFileReference; fileEncoding = 4; lastKnownFileType = sourcecode.c.objc; path = LiveListTableViewCell.m; sourceTree = "<group>"; };
		3B2FB6881FCD5D4400DC5A51 /* CategoryHeader.h */ = {isa = PBXFileReference; fileEncoding = 4; lastKnownFileType = sourcecode.c.h; path = CategoryHeader.h; sourceTree = "<group>"; };
		3B2FB6891FCD5D4400DC5A51 /* UIColor+MLPFlatColors.h */ = {isa = PBXFileReference; fileEncoding = 4; lastKnownFileType = sourcecode.c.h; path = "UIColor+MLPFlatColors.h"; sourceTree = "<group>"; };
		3B2FB68A1FCD5D4400DC5A51 /* UIColor+MLPFlatColors.m */ = {isa = PBXFileReference; fileEncoding = 4; lastKnownFileType = sourcecode.c.objc; path = "UIColor+MLPFlatColors.m"; sourceTree = "<group>"; };
		3B2FB68B1FCD5D4400DC5A51 /* UIImage+Common.h */ = {isa = PBXFileReference; fileEncoding = 4; lastKnownFileType = sourcecode.c.h; path = "UIImage+Common.h"; sourceTree = "<group>"; };
		3B2FB68C1FCD5D4400DC5A51 /* UIImage+Common.m */ = {isa = PBXFileReference; fileEncoding = 4; lastKnownFileType = sourcecode.c.objc; path = "UIImage+Common.m"; sourceTree = "<group>"; };
		3B2FB68D1FCD5D4400DC5A51 /* UIImage+TintColor.h */ = {isa = PBXFileReference; fileEncoding = 4; lastKnownFileType = sourcecode.c.h; path = "UIImage+TintColor.h"; sourceTree = "<group>"; };
		3B2FB68E1FCD5D4400DC5A51 /* UIImage+TintColor.m */ = {isa = PBXFileReference; fileEncoding = 4; lastKnownFileType = sourcecode.c.objc; path = "UIImage+TintColor.m"; sourceTree = "<group>"; };
		3B2FB68F1FCD5D4400DC5A51 /* UIView+CustomAutoLayout.h */ = {isa = PBXFileReference; fileEncoding = 4; lastKnownFileType = sourcecode.c.h; path = "UIView+CustomAutoLayout.h"; sourceTree = "<group>"; };
		3B2FB6901FCD5D4400DC5A51 /* UIView+CustomAutoLayout.m */ = {isa = PBXFileReference; fileEncoding = 4; lastKnownFileType = sourcecode.c.objc; path = "UIView+CustomAutoLayout.m"; sourceTree = "<group>"; };
		3B2FB6911FCD5D4400DC5A51 /* UIView+ShakeAnimation.h */ = {isa = PBXFileReference; fileEncoding = 4; lastKnownFileType = sourcecode.c.h; path = "UIView+ShakeAnimation.h"; sourceTree = "<group>"; };
		3B2FB6921FCD5D4400DC5A51 /* UIView+ShakeAnimation.m */ = {isa = PBXFileReference; fileEncoding = 4; lastKnownFileType = sourcecode.c.objc; path = "UIView+ShakeAnimation.m"; sourceTree = "<group>"; };
		3B2FB6981FCD601500DC5A51 /* RoomListRequest.h */ = {isa = PBXFileReference; fileEncoding = 4; lastKnownFileType = sourcecode.c.h; path = RoomListRequest.h; sourceTree = "<group>"; };
		3B2FB6991FCD601500DC5A51 /* RoomListRequest.m */ = {isa = PBXFileReference; fileEncoding = 4; lastKnownFileType = sourcecode.c.objc; path = RoomListRequest.m; sourceTree = "<group>"; };
		3BCEA23E1FCBDFDE00D0D8EB /* JavaScriptCore.framework */ = {isa = PBXFileReference; lastKnownFileType = wrapper.framework; name = JavaScriptCore.framework; path = System/Library/Frameworks/JavaScriptCore.framework; sourceTree = SDKROOT; };
		3BCEA23F1FCBDFF100D0D8EB /* ImageIO.framework */ = {isa = PBXFileReference; lastKnownFileType = wrapper.framework; name = ImageIO.framework; path = System/Library/Frameworks/ImageIO.framework; sourceTree = SDKROOT; };
		3BCEA2401FCBDFFB00D0D8EB /* Foundation.framework */ = {isa = PBXFileReference; lastKnownFileType = wrapper.framework; name = Foundation.framework; path = System/Library/Frameworks/Foundation.framework; sourceTree = SDKROOT; };
		3BCEA2411FCBE00B00D0D8EB /* CoreTelephony.framework */ = {isa = PBXFileReference; lastKnownFileType = wrapper.framework; name = CoreTelephony.framework; path = System/Library/Frameworks/CoreTelephony.framework; sourceTree = SDKROOT; };
		3BCEA2421FCBE01300D0D8EB /* CoreVideo.framework */ = {isa = PBXFileReference; lastKnownFileType = wrapper.framework; name = CoreVideo.framework; path = System/Library/Frameworks/CoreVideo.framework; sourceTree = SDKROOT; };
		3BCEA2431FCBE01C00D0D8EB /* CoreMedia.framework */ = {isa = PBXFileReference; lastKnownFileType = wrapper.framework; name = CoreMedia.framework; path = System/Library/Frameworks/CoreMedia.framework; sourceTree = SDKROOT; };
		3BCEA2441FCBE02C00D0D8EB /* CoreGraphics.framework */ = {isa = PBXFileReference; lastKnownFileType = wrapper.framework; name = CoreGraphics.framework; path = System/Library/Frameworks/CoreGraphics.framework; sourceTree = SDKROOT; };
		3BCEA2451FCBE03300D0D8EB /* AVKit.framework */ = {isa = PBXFileReference; lastKnownFileType = wrapper.framework; name = AVKit.framework; path = System/Library/Frameworks/AVKit.framework; sourceTree = SDKROOT; };
		3BCEA2461FCBE03800D0D8EB /* AVFoundation.framework */ = {isa = PBXFileReference; lastKnownFileType = wrapper.framework; name = AVFoundation.framework; path = System/Library/Frameworks/AVFoundation.framework; sourceTree = SDKROOT; };
		3BCEA2471FCBE04100D0D8EB /* AssetsLibrary.framework */ = {isa = PBXFileReference; lastKnownFileType = wrapper.framework; name = AssetsLibrary.framework; path = System/Library/Frameworks/AssetsLibrary.framework; sourceTree = SDKROOT; };
		3BCEA2481FCBE05400D0D8EB /* Accelerate.framework */ = {isa = PBXFileReference; lastKnownFileType = wrapper.framework; name = Accelerate.framework; path = System/Library/Frameworks/Accelerate.framework; sourceTree = SDKROOT; };
		3BCEA2491FCBE05E00D0D8EB /* OpenAL.framework */ = {isa = PBXFileReference; lastKnownFileType = wrapper.framework; name = OpenAL.framework; path = System/Library/Frameworks/OpenAL.framework; sourceTree = SDKROOT; };
		3BCEA24A1FCBE06900D0D8EB /* OpenGLES.framework */ = {isa = PBXFileReference; lastKnownFileType = wrapper.framework; name = OpenGLES.framework; path = System/Library/Frameworks/OpenGLES.framework; sourceTree = SDKROOT; };
		3BCEA24B1FCBE07200D0D8EB /* QuartzCore.framework */ = {isa = PBXFileReference; lastKnownFileType = wrapper.framework; name = QuartzCore.framework; path = System/Library/Frameworks/QuartzCore.framework; sourceTree = SDKROOT; };
		3BCEA24C1FCBE07800D0D8EB /* SystemConfiguration.framework */ = {isa = PBXFileReference; lastKnownFileType = wrapper.framework; name = SystemConfiguration.framework; path = System/Library/Frameworks/SystemConfiguration.framework; sourceTree = SDKROOT; };
		3BCEA24D1FCBE07E00D0D8EB /* UIKit.framework */ = {isa = PBXFileReference; lastKnownFileType = wrapper.framework; name = UIKit.framework; path = System/Library/Frameworks/UIKit.framework; sourceTree = SDKROOT; };
		3BCEA24E1FCBE08800D0D8EB /* VideoToolbox.framework */ = {isa = PBXFileReference; lastKnownFileType = wrapper.framework; name = VideoToolbox.framework; path = System/Library/Frameworks/VideoToolbox.framework; sourceTree = SDKROOT; };
		3BCEA2601FCBE0C400D0D8EB /* libbz2.tbd */ = {isa = PBXFileReference; lastKnownFileType = "sourcecode.text-based-dylib-definition"; name = libbz2.tbd; path = usr/lib/libbz2.tbd; sourceTree = SDKROOT; };
		3BCEA2621FCBE0D200D0D8EB /* libc++.tbd */ = {isa = PBXFileReference; lastKnownFileType = "sourcecode.text-based-dylib-definition"; name = "libc++.tbd"; path = "usr/lib/libc++.tbd"; sourceTree = SDKROOT; };
		3BCEA2641FCBE0DD00D0D8EB /* libiconv.tbd */ = {isa = PBXFileReference; lastKnownFileType = "sourcecode.text-based-dylib-definition"; name = libiconv.tbd; path = usr/lib/libiconv.tbd; sourceTree = SDKROOT; };
		3BCEA2661FCBE0FD00D0D8EB /* libicucore.tbd */ = {isa = PBXFileReference; lastKnownFileType = "sourcecode.text-based-dylib-definition"; name = libicucore.tbd; path = usr/lib/libicucore.tbd; sourceTree = SDKROOT; };
		3BCEA2681FCBE10B00D0D8EB /* libresolv.tbd */ = {isa = PBXFileReference; lastKnownFileType = "sourcecode.text-based-dylib-definition"; name = libresolv.tbd; path = usr/lib/libresolv.tbd; sourceTree = SDKROOT; };
		3BCEA26A1FCBE12200D0D8EB /* libsqlite3.tbd */ = {isa = PBXFileReference; lastKnownFileType = "sourcecode.text-based-dylib-definition"; name = libsqlite3.tbd; path = usr/lib/libsqlite3.tbd; sourceTree = SDKROOT; };
		3BCEA26C1FCBE13100D0D8EB /* libstdc++.tbd */ = {isa = PBXFileReference; lastKnownFileType = "sourcecode.text-based-dylib-definition"; name = "libstdc++.tbd"; path = "usr/lib/libstdc++.tbd"; sourceTree = SDKROOT; };
		3BCEA26E1FCBE15400D0D8EB /* libstdc++.6.tbd */ = {isa = PBXFileReference; lastKnownFileType = "sourcecode.text-based-dylib-definition"; name = "libstdc++.6.tbd"; path = "usr/lib/libstdc++.6.tbd"; sourceTree = SDKROOT; };
		3BCEA2701FCBE15F00D0D8EB /* libz.tbd */ = {isa = PBXFileReference; lastKnownFileType = "sourcecode.text-based-dylib-definition"; name = libz.tbd; path = usr/lib/libz.tbd; sourceTree = SDKROOT; };
		3BCEA27F1FCBE34700D0D8EB /* ARCCompile.h */ = {isa = PBXFileReference; fileEncoding = 4; lastKnownFileType = sourcecode.c.h; path = ARCCompile.h; sourceTree = "<group>"; };
		3BCEA2801FCBE34700D0D8EB /* BaseRequest.h */ = {isa = PBXFileReference; fileEncoding = 4; lastKnownFileType = sourcecode.c.h; path = BaseRequest.h; sourceTree = "<group>"; };
		3BCEA2811FCBE34700D0D8EB /* BaseRequest.m */ = {isa = PBXFileReference; fileEncoding = 4; lastKnownFileType = sourcecode.c.objc; path = BaseRequest.m; sourceTree = "<group>"; };
		3BCEA2831FCBE34700D0D8EB /* JSONKit.h */ = {isa = PBXFileReference; fileEncoding = 4; lastKnownFileType = sourcecode.c.h; path = JSONKit.h; sourceTree = "<group>"; };
		3BCEA2841FCBE34700D0D8EB /* JSONKit.m */ = {isa = PBXFileReference; fileEncoding = 4; lastKnownFileType = sourcecode.c.objc; path = JSONKit.m; sourceTree = "<group>"; };
		3BCEA2851FCBE34700D0D8EB /* NSMutableDictionary+Json.h */ = {isa = PBXFileReference; fileEncoding = 4; lastKnownFileType = sourcecode.c.h; path = "NSMutableDictionary+Json.h"; sourceTree = "<group>"; };
		3BCEA2861FCBE34700D0D8EB /* NSMutableDictionary+Json.m */ = {isa = PBXFileReference; fileEncoding = 4; lastKnownFileType = sourcecode.c.objc; path = "NSMutableDictionary+Json.m"; sourceTree = "<group>"; };
		3BCEA2871FCBE34700D0D8EB /* NSObject+Json.h */ = {isa = PBXFileReference; fileEncoding = 4; lastKnownFileType = sourcecode.c.h; path = "NSObject+Json.h"; sourceTree = "<group>"; };
		3BCEA2881FCBE34700D0D8EB /* NSObject+Json.m */ = {isa = PBXFileReference; fileEncoding = 4; lastKnownFileType = sourcecode.c.objc; path = "NSObject+Json.m"; sourceTree = "<group>"; };
		3BCEA28A1FCBE34700D0D8EB /* LoginRequest.h */ = {isa = PBXFileReference; fileEncoding = 4; lastKnownFileType = sourcecode.c.h; path = LoginRequest.h; sourceTree = "<group>"; };
		3BCEA28B1FCBE34700D0D8EB /* LoginRequest.m */ = {isa = PBXFileReference; fileEncoding = 4; lastKnownFileType = sourcecode.c.objc; path = LoginRequest.m; sourceTree = "<group>"; };
		3BCEA28C1FCBE34700D0D8EB /* RegistRequest.h */ = {isa = PBXFileReference; fileEncoding = 4; lastKnownFileType = sourcecode.c.h; path = RegistRequest.h; sourceTree = "<group>"; };
		3BCEA28D1FCBE34700D0D8EB /* RegistRequest.m */ = {isa = PBXFileReference; fileEncoding = 4; lastKnownFileType = sourcecode.c.objc; path = RegistRequest.m; sourceTree = "<group>"; };
		3BCEA28E1FCBE34700D0D8EB /* WebModels.h */ = {isa = PBXFileReference; fileEncoding = 4; lastKnownFileType = sourcecode.c.h; path = WebModels.h; sourceTree = "<group>"; };
		3BCEA28F1FCBE34700D0D8EB /* WebModels.m */ = {isa = PBXFileReference; fileEncoding = 4; lastKnownFileType = sourcecode.c.objc; path = WebModels.m; sourceTree = "<group>"; };
		3BCEA2901FCBE34700D0D8EB /* WebServiceEngine.h */ = {isa = PBXFileReference; fileEncoding = 4; lastKnownFileType = sourcecode.c.h; path = WebServiceEngine.h; sourceTree = "<group>"; };
		3BCEA2911FCBE34700D0D8EB /* WebServiceEngine.m */ = {isa = PBXFileReference; fileEncoding = 4; lastKnownFileType = sourcecode.c.objc; path = WebServiceEngine.m; sourceTree = "<group>"; };
		3BCEA2921FCBE34700D0D8EB /* WebServiceHeader.h */ = {isa = PBXFileReference; fileEncoding = 4; lastKnownFileType = sourcecode.c.h; path = WebServiceHeader.h; sourceTree = "<group>"; };
		3BCEA29B1FCBE39B00D0D8EB /* ConstHeader.h */ = {isa = PBXFileReference; lastKnownFileType = sourcecode.c.h; path = ConstHeader.h; sourceTree = "<group>"; };
		3BCEA29E1FCBE4FC00D0D8EB /* QAVSDK.framework */ = {isa = PBXFileReference; lastKnownFileType = wrapper.framework; path = QAVSDK.framework; sourceTree = "<group>"; };
		3BCEA2A01FCBE4FC00D0D8EB /* ILiveSDK.framework */ = {isa = PBXFileReference; lastKnownFileType = wrapper.framework; path = ILiveSDK.framework; sourceTree = "<group>"; };
		3BCEA2A11FCBE4FC00D0D8EB /* TILFilterResource.bundle */ = {isa = PBXFileReference; lastKnownFileType = "wrapper.plug-in"; path = TILFilterResource.bundle; sourceTree = "<group>"; };
		3BCEA2A21FCBE4FC00D0D8EB /* TILFilterSDK.framework */ = {isa = PBXFileReference; lastKnownFileType = wrapper.framework; path = TILFilterSDK.framework; sourceTree = "<group>"; };
		3BCEA2A31FCBE4FC00D0D8EB /* TILLiveSDK.framework */ = {isa = PBXFileReference; lastKnownFileType = wrapper.framework; path = TILLiveSDK.framework; sourceTree = "<group>"; };
		3BCEA2A51FCBE4FC00D0D8EB /* IMCore.framework */ = {isa = PBXFileReference; lastKnownFileType = wrapper.framework; path = IMCore.framework; sourceTree = "<group>"; };
		3BCEA2A61FCBE4FC00D0D8EB /* ImSDK.framework */ = {isa = PBXFileReference; lastKnownFileType = wrapper.framework; path = ImSDK.framework; sourceTree = "<group>"; };
		3BCEA2A71FCBE4FC00D0D8EB /* IMSDKBugly.framework */ = {isa = PBXFileReference; lastKnownFileType = wrapper.framework; path = IMSDKBugly.framework; sourceTree = "<group>"; };
		3BCEA2A81FCBE4FC00D0D8EB /* QALSDK.framework */ = {isa = PBXFileReference; lastKnownFileType = wrapper.framework; path = QALSDK.framework; sourceTree = "<group>"; };
		3BCEA2A91FCBE4FC00D0D8EB /* TLSSDK.framework */ = {isa = PBXFileReference; lastKnownFileType = wrapper.framework; path = TLSSDK.framework; sourceTree = "<group>"; };
		3BCEA2AC1FCBE4FC00D0D8EB /* DecoRes.bundle */ = {isa = PBXFileReference; lastKnownFileType = "wrapper.plug-in"; path = DecoRes.bundle; sourceTree = "<group>"; };
		3BCEA2AD1FCBE4FC00D0D8EB /* FilterRes.bundle */ = {isa = PBXFileReference; lastKnownFileType = "wrapper.plug-in"; path = FilterRes.bundle; sourceTree = "<group>"; };
		3BCEA2AE1FCBE4FC00D0D8EB /* opencv2.framework */ = {isa = PBXFileReference; lastKnownFileType = wrapper.framework; path = opencv2.framework; sourceTree = "<group>"; };
		3BCEA2AF1FCBE4FC00D0D8EB /* PE.dat */ = {isa = PBXFileReference; lastKnownFileType = file; path = PE.dat; sourceTree = "<group>"; };
		3BCEA2B01FCBE4FC00D0D8EB /* QAVEffect.framework */ = {isa = PBXFileReference; lastKnownFileType = wrapper.framework; path = QAVEffect.framework; sourceTree = "<group>"; };
		3BCEA2B11FCBE4FC00D0D8EB /* QAVEffectRes.bundle */ = {isa = PBXFileReference; lastKnownFileType = "wrapper.plug-in"; path = QAVEffectRes.bundle; sourceTree = "<group>"; };
		3BCEA2C41FCBFD7000D0D8EB /* AlertHelp.h */ = {isa = PBXFileReference; fileEncoding = 4; lastKnownFileType = sourcecode.c.h; path = AlertHelp.h; sourceTree = "<group>"; };
		3BCEA2C51FCBFD7000D0D8EB /* AlertHelp.m */ = {isa = PBXFileReference; fileEncoding = 4; lastKnownFileType = sourcecode.c.objc; path = AlertHelp.m; sourceTree = "<group>"; };
		3BCEA2C71FCBFDAE00D0D8EB /* CustomUIHeader.h */ = {isa = PBXFileReference; lastKnownFileType = sourcecode.c.h; path = CustomUIHeader.h; sourceTree = "<group>"; };
		3BCEA2C81FCBFFC600D0D8EB /* RequestHeader.h */ = {isa = PBXFileReference; lastKnownFileType = sourcecode.c.h; path = RequestHeader.h; sourceTree = "<group>"; };
		3BCEA2CA1FCC084000D0D8EB /* LiveMainViewController.h */ = {isa = PBXFileReference; lastKnownFileType = sourcecode.c.h; path = LiveMainViewController.h; sourceTree = "<group>"; };
		3BCEA2CB1FCC084000D0D8EB /* LiveMainViewController.m */ = {isa = PBXFileReference; lastKnownFileType = sourcecode.c.objc; path = LiveMainViewController.m; sourceTree = "<group>"; };
		3BCEA2CD1FCD170200D0D8EB /* LiveListViewController.h */ = {isa = PBXFileReference; lastKnownFileType = sourcecode.c.h; path = LiveListViewController.h; sourceTree = "<group>"; };
		3BCEA2CE1FCD170200D0D8EB /* LiveListViewController.m */ = {isa = PBXFileReference; lastKnownFileType = sourcecode.c.objc; path = LiveListViewController.m; sourceTree = "<group>"; };
		3BCEA2D01FCD173B00D0D8EB /* RecordListViewController.h */ = {isa = PBXFileReference; lastKnownFileType = sourcecode.c.h; path = RecordListViewController.h; sourceTree = "<group>"; };
		3BCEA2D11FCD173B00D0D8EB /* RecordListViewController.m */ = {isa = PBXFileReference; lastKnownFileType = sourcecode.c.objc; path = RecordListViewController.m; sourceTree = "<group>"; };
		9631520CC7D232B8FD409FEE /* libPods-TILVBDemo.a */ = {isa = PBXFileReference; explicitFileType = archive.ar; includeInIndex = 0; path = "libPods-TILVBDemo.a"; sourceTree = BUILT_PRODUCTS_DIR; };
/* End PBXFileReference section */

/* Begin PBXFrameworksBuildPhase section */
		3B0E821E1FC7D06F002EC856 /* Frameworks */ = {
			isa = PBXFrameworksBuildPhase;
			buildActionMask = 2147483647;
			files = (
				3BCEA2591FCBE0A500D0D8EB /* CoreGraphics.framework in Frameworks */,
				3BCEA2B31FCBE4FC00D0D8EB /* ILiveSDK.framework in Frameworks */,
				3BCEA2541FCBE09A00D0D8EB /* OpenAL.framework in Frameworks */,
				3BCEA25F1FCBE0B300D0D8EB /* JavaScriptCore.framework in Frameworks */,
				3BCEA2551FCBE09C00D0D8EB /* Accelerate.framework in Frameworks */,
				3BCEA2B51FCBE4FC00D0D8EB /* TILFilterSDK.framework in Frameworks */,
				3BCEA25E1FCBE0B000D0D8EB /* ImageIO.framework in Frameworks */,
				3BCEA2671FCBE0FD00D0D8EB /* libicucore.tbd in Frameworks */,
				3BCEA2BA1FCBE4FC00D0D8EB /* QALSDK.framework in Frameworks */,
				3BCEA2571FCBE0A000D0D8EB /* AVFoundation.framework in Frameworks */,
				3BCEA26D1FCBE13200D0D8EB /* libstdc++.tbd in Frameworks */,
				3BCEA2631FCBE0D200D0D8EB /* libc++.tbd in Frameworks */,
				3BCEA2B71FCBE4FC00D0D8EB /* IMCore.framework in Frameworks */,
				3BCEA2521FCBE09600D0D8EB /* QuartzCore.framework in Frameworks */,
				3BCEA24F1FCBE08F00D0D8EB /* VideoToolbox.framework in Frameworks */,
				3BCEA2501FCBE09200D0D8EB /* UIKit.framework in Frameworks */,
				3BCEA25D1FCBE0AE00D0D8EB /* Foundation.framework in Frameworks */,
				3BCEA2611FCBE0C500D0D8EB /* libbz2.tbd in Frameworks */,
				3BCEA2BF1FCBE4FC00D0D8EB /* opencv2.framework in Frameworks */,
				3BCEA25C1FCBE0AC00D0D8EB /* CoreTelephony.framework in Frameworks */,
				3BCEA25B1FCBE0AA00D0D8EB /* CoreVideo.framework in Frameworks */,
				3BCEA2B91FCBE4FC00D0D8EB /* IMSDKBugly.framework in Frameworks */,
				3BCEA2B61FCBE4FC00D0D8EB /* TILLiveSDK.framework in Frameworks */,
				3BCEA2511FCBE09400D0D8EB /* SystemConfiguration.framework in Frameworks */,
				3BCEA2561FCBE09E00D0D8EB /* AssetsLibrary.framework in Frameworks */,
				3BCEA2B21FCBE4FC00D0D8EB /* QAVSDK.framework in Frameworks */,
				3BCEA25A1FCBE0A800D0D8EB /* CoreMedia.framework in Frameworks */,
				3BCEA26B1FCBE12200D0D8EB /* libsqlite3.tbd in Frameworks */,
				3BCEA2691FCBE10B00D0D8EB /* libresolv.tbd in Frameworks */,
				3BCEA2B81FCBE4FC00D0D8EB /* ImSDK.framework in Frameworks */,
				3BCEA2C11FCBE4FC00D0D8EB /* QAVEffect.framework in Frameworks */,
				3BCEA2581FCBE0A300D0D8EB /* AVKit.framework in Frameworks */,
				3BCEA26F1FCBE15400D0D8EB /* libstdc++.6.tbd in Frameworks */,
				3BCEA2651FCBE0DD00D0D8EB /* libiconv.tbd in Frameworks */,
				68001A27BAE74A7360A2F29A /* libPods-TILVBDemo.a in Frameworks */,
				3BCEA2BB1FCBE4FC00D0D8EB /* TLSSDK.framework in Frameworks */,
				3BCEA2711FCBE15F00D0D8EB /* libz.tbd in Frameworks */,
				3BCEA2531FCBE09800D0D8EB /* OpenGLES.framework in Frameworks */,
			);
			runOnlyForDeploymentPostprocessing = 0;
		};
		3B0E82361FC7D06F002EC856 /* Frameworks */ = {
			isa = PBXFrameworksBuildPhase;
			buildActionMask = 2147483647;
			files = (
			);
			runOnlyForDeploymentPostprocessing = 0;
		};
		3B0E82411FC7D06F002EC856 /* Frameworks */ = {
			isa = PBXFrameworksBuildPhase;
			buildActionMask = 2147483647;
			files = (
			);
			runOnlyForDeploymentPostprocessing = 0;
		};
/* End PBXFrameworksBuildPhase section */

/* Begin PBXGroup section */
		3B0E82181FC7D06F002EC856 = {
			isa = PBXGroup;
			children = (
				3BCEA29C1FCBE4FC00D0D8EB /* ILVBSDKs */,
				3B0E82231FC7D06F002EC856 /* TILVBDemo */,
				3B0E823C1FC7D06F002EC856 /* TILVBDemoTests */,
				3B0E82471FC7D06F002EC856 /* TILVBDemoUITests */,
				3B0E82221FC7D06F002EC856 /* Products */,
				CE9F3D495729F054BE2703D6 /* Pods */,
				E7A308429F335BE112993F96 /* Frameworks */,
			);
			sourceTree = "<group>";
		};
		3B0E82221FC7D06F002EC856 /* Products */ = {
			isa = PBXGroup;
			children = (
				3B0E82211FC7D06F002EC856 /* TILVBDemo.app */,
				3B0E82391FC7D06F002EC856 /* TILVBDemoTests.xctest */,
				3B0E82441FC7D06F002EC856 /* TILVBDemoUITests.xctest */,
			);
			name = Products;
			sourceTree = "<group>";
		};
		3B0E82231FC7D06F002EC856 /* TILVBDemo */ = {
			isa = PBXGroup;
			children = (
				3B2FB6871FCD5D4400DC5A51 /* Category */,
				3BCEA2C31FCBFD7000D0D8EB /* CustomUI */,
				3BCEA27E1FCBE34700D0D8EB /* WebService */,
				3B0E82651FC810EF002EC856 /* Base */,
				3B0E82571FC808FD002EC856 /* AppDelegate */,
				3B0E825B1FC8095C002EC856 /* Main */,
				3B0E825D1FC80977002EC856 /* Models */,
				3B0E825E1FC80983002EC856 /* Views */,
				3B0E825C1FC8096C002EC856 /* Controllers */,
				3B0E822D1FC7D06F002EC856 /* Assets.xcassets */,
				3B0E822F1FC7D06F002EC856 /* LaunchScreen.storyboard */,
				3B0E82321FC7D06F002EC856 /* Info.plist */,
				3B0E82331FC7D06F002EC856 /* main.m */,
				3BCEA29B1FCBE39B00D0D8EB /* ConstHeader.h */,
				3B0E82561FC7F4B6002EC856 /* TILVBDemo.pch */,
			);
			path = TILVBDemo;
			sourceTree = "<group>";
		};
		3B0E823C1FC7D06F002EC856 /* TILVBDemoTests */ = {
			isa = PBXGroup;
			children = (
				3B0E823D1FC7D06F002EC856 /* TILVBDemoTests.m */,
				3B0E823F1FC7D06F002EC856 /* Info.plist */,
			);
			path = TILVBDemoTests;
			sourceTree = "<group>";
		};
		3B0E82471FC7D06F002EC856 /* TILVBDemoUITests */ = {
			isa = PBXGroup;
			children = (
				3B0E82481FC7D070002EC856 /* TILVBDemoUITests.m */,
				3B0E824A1FC7D070002EC856 /* Info.plist */,
			);
			path = TILVBDemoUITests;
			sourceTree = "<group>";
		};
		3B0E82571FC808FD002EC856 /* AppDelegate */ = {
			isa = PBXGroup;
			children = (
				3B0E82581FC808FD002EC856 /* AppDelegate.h */,
				3B0E82591FC808FD002EC856 /* AppDelegate.m */,
			);
			path = AppDelegate;
			sourceTree = "<group>";
		};
		3B0E825B1FC8095C002EC856 /* Main */ = {
			isa = PBXGroup;
			children = (
				3B0E825F1FC80B1F002EC856 /* RegistViewController.h */,
				3B0E82601FC80B1F002EC856 /* RegistViewController.m */,
				3B0E82621FC80B3E002EC856 /* LoginViewController.h */,
				3B0E82631FC80B3E002EC856 /* LoginViewController.m */,
			);
			path = Main;
			sourceTree = "<group>";
		};
		3B0E825C1FC8096C002EC856 /* Controllers */ = {
			isa = PBXGroup;
			children = (
				3BCEA2C91FCC07FD00D0D8EB /* LiveList */,
			);
			path = Controllers;
			sourceTree = "<group>";
		};
		3B0E825D1FC80977002EC856 /* Models */ = {
			isa = PBXGroup;
			children = (
			);
			path = Models;
			sourceTree = "<group>";
		};
		3B0E825E1FC80983002EC856 /* Views */ = {
			isa = PBXGroup;
			children = (
				3B2FB6831FCD5A1A00DC5A51 /* LiveListCell */,
			);
			path = Views;
			sourceTree = "<group>";
		};
		3B0E82651FC810EF002EC856 /* Base */ = {
			isa = PBXGroup;
			children = (
				3B0E826F1FC81C84002EC856 /* TILVBRequestServer.h */,
				3B0E82701FC81C84002EC856 /* TILVBRequestServer.m */,
				3B0E82721FC81F96002EC856 /* TILVBRequestServer+RequestManager.h */,
				3B0E82731FC81F96002EC856 /* TILVBRequestServer+RequestManager.m */,
			);
			path = Base;
			sourceTree = "<group>";
		};
		3B2FB6831FCD5A1A00DC5A51 /* LiveListCell */ = {
			isa = PBXGroup;
			children = (
				3B2FB6841FCD5A1A00DC5A51 /* LiveListTableViewCell.h */,
				3B2FB6851FCD5A1A00DC5A51 /* LiveListTableViewCell.m */,
			);
			path = LiveListCell;
			sourceTree = "<group>";
		};
		3B2FB6871FCD5D4400DC5A51 /* Category */ = {
			isa = PBXGroup;
			children = (
				3B2FB6881FCD5D4400DC5A51 /* CategoryHeader.h */,
				3B2FB6891FCD5D4400DC5A51 /* UIColor+MLPFlatColors.h */,
				3B2FB68A1FCD5D4400DC5A51 /* UIColor+MLPFlatColors.m */,
				3B2FB68B1FCD5D4400DC5A51 /* UIImage+Common.h */,
				3B2FB68C1FCD5D4400DC5A51 /* UIImage+Common.m */,
				3B2FB68D1FCD5D4400DC5A51 /* UIImage+TintColor.h */,
				3B2FB68E1FCD5D4400DC5A51 /* UIImage+TintColor.m */,
				3B2FB68F1FCD5D4400DC5A51 /* UIView+CustomAutoLayout.h */,
				3B2FB6901FCD5D4400DC5A51 /* UIView+CustomAutoLayout.m */,
				3B2FB6911FCD5D4400DC5A51 /* UIView+ShakeAnimation.h */,
				3B2FB6921FCD5D4400DC5A51 /* UIView+ShakeAnimation.m */,
			);
			path = Category;
			sourceTree = "<group>";
		};
		3BCEA27E1FCBE34700D0D8EB /* WebService */ = {
			isa = PBXGroup;
			children = (
				3BCEA27F1FCBE34700D0D8EB /* ARCCompile.h */,
				3BCEA2801FCBE34700D0D8EB /* BaseRequest.h */,
				3BCEA2811FCBE34700D0D8EB /* BaseRequest.m */,
				3BCEA2821FCBE34700D0D8EB /* JSON */,
				3BCEA2891FCBE34700D0D8EB /* Request */,
				3BCEA28E1FCBE34700D0D8EB /* WebModels.h */,
				3BCEA28F1FCBE34700D0D8EB /* WebModels.m */,
				3BCEA2901FCBE34700D0D8EB /* WebServiceEngine.h */,
				3BCEA2911FCBE34700D0D8EB /* WebServiceEngine.m */,
				3BCEA2921FCBE34700D0D8EB /* WebServiceHeader.h */,
			);
			path = WebService;
			sourceTree = "<group>";
		};
		3BCEA2821FCBE34700D0D8EB /* JSON */ = {
			isa = PBXGroup;
			children = (
				3BCEA2831FCBE34700D0D8EB /* JSONKit.h */,
				3BCEA2841FCBE34700D0D8EB /* JSONKit.m */,
				3BCEA2851FCBE34700D0D8EB /* NSMutableDictionary+Json.h */,
				3BCEA2861FCBE34700D0D8EB /* NSMutableDictionary+Json.m */,
				3BCEA2871FCBE34700D0D8EB /* NSObject+Json.h */,
				3BCEA2881FCBE34700D0D8EB /* NSObject+Json.m */,
			);
			path = JSON;
			sourceTree = "<group>";
		};
		3BCEA2891FCBE34700D0D8EB /* Request */ = {
			isa = PBXGroup;
			children = (
				3B2FB6981FCD601500DC5A51 /* RoomListRequest.h */,
				3B2FB6991FCD601500DC5A51 /* RoomListRequest.m */,
				3BCEA28A1FCBE34700D0D8EB /* LoginRequest.h */,
				3BCEA28B1FCBE34700D0D8EB /* LoginRequest.m */,
				3BCEA28C1FCBE34700D0D8EB /* RegistRequest.h */,
				3BCEA28D1FCBE34700D0D8EB /* RegistRequest.m */,
				3BCEA2C81FCBFFC600D0D8EB /* RequestHeader.h */,
			);
			path = Request;
			sourceTree = "<group>";
		};
		3BCEA29C1FCBE4FC00D0D8EB /* ILVBSDKs */ = {
			isa = PBXGroup;
			children = (
				3BCEA29D1FCBE4FC00D0D8EB /* AVSDK */,
				3BCEA29F1FCBE4FC00D0D8EB /* ILiveSDK */,
				3BCEA2A41FCBE4FC00D0D8EB /* IMSDK */,
				3BCEA2AB1FCBE4FC00D0D8EB /* QAVEffect */,
			);
			path = ILVBSDKs;
			sourceTree = "<group>";
		};
		3BCEA29D1FCBE4FC00D0D8EB /* AVSDK */ = {
			isa = PBXGroup;
			children = (
				3BCEA29E1FCBE4FC00D0D8EB /* QAVSDK.framework */,
			);
			path = AVSDK;
			sourceTree = "<group>";
		};
		3BCEA29F1FCBE4FC00D0D8EB /* ILiveSDK */ = {
			isa = PBXGroup;
			children = (
				3BCEA2A01FCBE4FC00D0D8EB /* ILiveSDK.framework */,
				3BCEA2A11FCBE4FC00D0D8EB /* TILFilterResource.bundle */,
				3BCEA2A21FCBE4FC00D0D8EB /* TILFilterSDK.framework */,
				3BCEA2A31FCBE4FC00D0D8EB /* TILLiveSDK.framework */,
			);
			path = ILiveSDK;
			sourceTree = "<group>";
		};
		3BCEA2A41FCBE4FC00D0D8EB /* IMSDK */ = {
			isa = PBXGroup;
			children = (
				3BCEA2A51FCBE4FC00D0D8EB /* IMCore.framework */,
				3BCEA2A61FCBE4FC00D0D8EB /* ImSDK.framework */,
				3BCEA2A71FCBE4FC00D0D8EB /* IMSDKBugly.framework */,
				3BCEA2A81FCBE4FC00D0D8EB /* QALSDK.framework */,
				3BCEA2A91FCBE4FC00D0D8EB /* TLSSDK.framework */,
			);
			path = IMSDK;
			sourceTree = "<group>";
		};
		3BCEA2AB1FCBE4FC00D0D8EB /* QAVEffect */ = {
			isa = PBXGroup;
			children = (
				3BCEA2AC1FCBE4FC00D0D8EB /* DecoRes.bundle */,
				3BCEA2AD1FCBE4FC00D0D8EB /* FilterRes.bundle */,
				3BCEA2AE1FCBE4FC00D0D8EB /* opencv2.framework */,
				3BCEA2AF1FCBE4FC00D0D8EB /* PE.dat */,
				3BCEA2B01FCBE4FC00D0D8EB /* QAVEffect.framework */,
				3BCEA2B11FCBE4FC00D0D8EB /* QAVEffectRes.bundle */,
			);
			path = QAVEffect;
			sourceTree = "<group>";
		};
		3BCEA2C31FCBFD7000D0D8EB /* CustomUI */ = {
			isa = PBXGroup;
			children = (
				3BCEA2C41FCBFD7000D0D8EB /* AlertHelp.h */,
				3BCEA2C51FCBFD7000D0D8EB /* AlertHelp.m */,
				3BCEA2C71FCBFDAE00D0D8EB /* CustomUIHeader.h */,
			);
			path = CustomUI;
			sourceTree = "<group>";
		};
		3BCEA2C91FCC07FD00D0D8EB /* LiveList */ = {
			isa = PBXGroup;
			children = (
				3BCEA2CA1FCC084000D0D8EB /* LiveMainViewController.h */,
				3BCEA2CB1FCC084000D0D8EB /* LiveMainViewController.m */,
				3BCEA2CD1FCD170200D0D8EB /* LiveListViewController.h */,
				3BCEA2CE1FCD170200D0D8EB /* LiveListViewController.m */,
				3BCEA2D01FCD173B00D0D8EB /* RecordListViewController.h */,
				3BCEA2D11FCD173B00D0D8EB /* RecordListViewController.m */,
			);
			path = LiveList;
			sourceTree = "<group>";
		};
		CE9F3D495729F054BE2703D6 /* Pods */ = {
			isa = PBXGroup;
			children = (
				304BD778ED04B9418ED15E8E /* Pods-TILVBDemo.debug.xcconfig */,
				018B9F5A18C8B8CC563ADE15 /* Pods-TILVBDemo.release.xcconfig */,
			);
			name = Pods;
			sourceTree = "<group>";
		};
		E7A308429F335BE112993F96 /* Frameworks */ = {
			isa = PBXGroup;
			children = (
				3BCEA2701FCBE15F00D0D8EB /* libz.tbd */,
				3BCEA26E1FCBE15400D0D8EB /* libstdc++.6.tbd */,
				3BCEA26C1FCBE13100D0D8EB /* libstdc++.tbd */,
				3BCEA26A1FCBE12200D0D8EB /* libsqlite3.tbd */,
				3BCEA2681FCBE10B00D0D8EB /* libresolv.tbd */,
				3BCEA2661FCBE0FD00D0D8EB /* libicucore.tbd */,
				3BCEA2641FCBE0DD00D0D8EB /* libiconv.tbd */,
				3BCEA2621FCBE0D200D0D8EB /* libc++.tbd */,
				3BCEA2601FCBE0C400D0D8EB /* libbz2.tbd */,
				3BCEA24E1FCBE08800D0D8EB /* VideoToolbox.framework */,
				3BCEA24D1FCBE07E00D0D8EB /* UIKit.framework */,
				3BCEA24C1FCBE07800D0D8EB /* SystemConfiguration.framework */,
				3BCEA24B1FCBE07200D0D8EB /* QuartzCore.framework */,
				3BCEA24A1FCBE06900D0D8EB /* OpenGLES.framework */,
				3BCEA2491FCBE05E00D0D8EB /* OpenAL.framework */,
				3BCEA2481FCBE05400D0D8EB /* Accelerate.framework */,
				3BCEA2471FCBE04100D0D8EB /* AssetsLibrary.framework */,
				3BCEA2461FCBE03800D0D8EB /* AVFoundation.framework */,
				3BCEA2451FCBE03300D0D8EB /* AVKit.framework */,
				3BCEA2441FCBE02C00D0D8EB /* CoreGraphics.framework */,
				3BCEA2431FCBE01C00D0D8EB /* CoreMedia.framework */,
				3BCEA2421FCBE01300D0D8EB /* CoreVideo.framework */,
				3BCEA2411FCBE00B00D0D8EB /* CoreTelephony.framework */,
				3BCEA2401FCBDFFB00D0D8EB /* Foundation.framework */,
				3BCEA23F1FCBDFF100D0D8EB /* ImageIO.framework */,
				3BCEA23E1FCBDFDE00D0D8EB /* JavaScriptCore.framework */,
				9631520CC7D232B8FD409FEE /* libPods-TILVBDemo.a */,
			);
			name = Frameworks;
			sourceTree = "<group>";
		};
/* End PBXGroup section */

/* Begin PBXNativeTarget section */
		3B0E82201FC7D06F002EC856 /* TILVBDemo */ = {
			isa = PBXNativeTarget;
			buildConfigurationList = 3B0E824D1FC7D070002EC856 /* Build configuration list for PBXNativeTarget "TILVBDemo" */;
			buildPhases = (
				76579F473802D60BB9D0BEEA /* [CP] Check Pods Manifest.lock */,
				3B0E821D1FC7D06F002EC856 /* Sources */,
				3B0E821E1FC7D06F002EC856 /* Frameworks */,
				3B0E821F1FC7D06F002EC856 /* Resources */,
				7A61D711930DF47583032E2F /* [CP] Embed Pods Frameworks */,
				076AD773ACF0A17E8F11D2BA /* [CP] Copy Pods Resources */,
			);
			buildRules = (
			);
			dependencies = (
			);
			name = TILVBDemo;
			productName = TILVBDemo;
			productReference = 3B0E82211FC7D06F002EC856 /* TILVBDemo.app */;
			productType = "com.apple.product-type.application";
		};
		3B0E82381FC7D06F002EC856 /* TILVBDemoTests */ = {
			isa = PBXNativeTarget;
			buildConfigurationList = 3B0E82501FC7D070002EC856 /* Build configuration list for PBXNativeTarget "TILVBDemoTests" */;
			buildPhases = (
				3B0E82351FC7D06F002EC856 /* Sources */,
				3B0E82361FC7D06F002EC856 /* Frameworks */,
				3B0E82371FC7D06F002EC856 /* Resources */,
			);
			buildRules = (
			);
			dependencies = (
				3B0E823B1FC7D06F002EC856 /* PBXTargetDependency */,
			);
			name = TILVBDemoTests;
			productName = TILVBDemoTests;
			productReference = 3B0E82391FC7D06F002EC856 /* TILVBDemoTests.xctest */;
			productType = "com.apple.product-type.bundle.unit-test";
		};
		3B0E82431FC7D06F002EC856 /* TILVBDemoUITests */ = {
			isa = PBXNativeTarget;
			buildConfigurationList = 3B0E82531FC7D070002EC856 /* Build configuration list for PBXNativeTarget "TILVBDemoUITests" */;
			buildPhases = (
				3B0E82401FC7D06F002EC856 /* Sources */,
				3B0E82411FC7D06F002EC856 /* Frameworks */,
				3B0E82421FC7D06F002EC856 /* Resources */,
			);
			buildRules = (
			);
			dependencies = (
				3B0E82461FC7D06F002EC856 /* PBXTargetDependency */,
			);
			name = TILVBDemoUITests;
			productName = TILVBDemoUITests;
			productReference = 3B0E82441FC7D06F002EC856 /* TILVBDemoUITests.xctest */;
			productType = "com.apple.product-type.bundle.ui-testing";
		};
/* End PBXNativeTarget section */

/* Begin PBXProject section */
		3B0E82191FC7D06F002EC856 /* Project object */ = {
			isa = PBXProject;
			attributes = {
				LastUpgradeCheck = 0910;
				ORGANIZATIONNAME = "zyjk_iMac-penghe";
				TargetAttributes = {
					3B0E82201FC7D06F002EC856 = {
						CreatedOnToolsVersion = 9.1;
						ProvisioningStyle = Automatic;
					};
					3B0E82381FC7D06F002EC856 = {
						CreatedOnToolsVersion = 9.1;
						ProvisioningStyle = Automatic;
						TestTargetID = 3B0E82201FC7D06F002EC856;
					};
					3B0E82431FC7D06F002EC856 = {
						CreatedOnToolsVersion = 9.1;
						ProvisioningStyle = Automatic;
						TestTargetID = 3B0E82201FC7D06F002EC856;
					};
				};
			};
			buildConfigurationList = 3B0E821C1FC7D06F002EC856 /* Build configuration list for PBXProject "TILVBDemo" */;
			compatibilityVersion = "Xcode 8.0";
			developmentRegion = en;
			hasScannedForEncodings = 0;
			knownRegions = (
				en,
				Base,
			);
			mainGroup = 3B0E82181FC7D06F002EC856;
			productRefGroup = 3B0E82221FC7D06F002EC856 /* Products */;
			projectDirPath = "";
			projectRoot = "";
			targets = (
				3B0E82201FC7D06F002EC856 /* TILVBDemo */,
				3B0E82381FC7D06F002EC856 /* TILVBDemoTests */,
				3B0E82431FC7D06F002EC856 /* TILVBDemoUITests */,
			);
		};
/* End PBXProject section */

/* Begin PBXResourcesBuildPhase section */
		3B0E821F1FC7D06F002EC856 /* Resources */ = {
			isa = PBXResourcesBuildPhase;
			buildActionMask = 2147483647;
			files = (
				3B0E82311FC7D06F002EC856 /* LaunchScreen.storyboard in Resources */,
				3BCEA2C01FCBE4FC00D0D8EB /* PE.dat in Resources */,
				3BCEA2C21FCBE4FC00D0D8EB /* QAVEffectRes.bundle in Resources */,
				3BCEA2BD1FCBE4FC00D0D8EB /* DecoRes.bundle in Resources */,
				3B0E822E1FC7D06F002EC856 /* Assets.xcassets in Resources */,
				3BCEA2BE1FCBE4FC00D0D8EB /* FilterRes.bundle in Resources */,
				3BCEA2B41FCBE4FC00D0D8EB /* TILFilterResource.bundle in Resources */,
			);
			runOnlyForDeploymentPostprocessing = 0;
		};
		3B0E82371FC7D06F002EC856 /* Resources */ = {
			isa = PBXResourcesBuildPhase;
			buildActionMask = 2147483647;
			files = (
			);
			runOnlyForDeploymentPostprocessing = 0;
		};
		3B0E82421FC7D06F002EC856 /* Resources */ = {
			isa = PBXResourcesBuildPhase;
			buildActionMask = 2147483647;
			files = (
			);
			runOnlyForDeploymentPostprocessing = 0;
		};
/* End PBXResourcesBuildPhase section */

/* Begin PBXShellScriptBuildPhase section */
		076AD773ACF0A17E8F11D2BA /* [CP] Copy Pods Resources */ = {
			isa = PBXShellScriptBuildPhase;
			buildActionMask = 2147483647;
			files = (
			);
			inputPaths = (
				"${SRCROOT}/Pods/Target Support Files/Pods-TILVBDemo/Pods-TILVBDemo-resources.sh",
				"${PODS_ROOT}/MJRefresh/MJRefresh/MJRefresh.bundle",
				"${PODS_ROOT}/SVProgressHUD/SVProgressHUD/SVProgressHUD.bundle",
			);
			name = "[CP] Copy Pods Resources";
			outputPaths = (
				"${TARGET_BUILD_DIR}/${UNLOCALIZED_RESOURCES_FOLDER_PATH}",
			);
			runOnlyForDeploymentPostprocessing = 0;
			shellPath = /bin/sh;
			shellScript = "\"${SRCROOT}/Pods/Target Support Files/Pods-TILVBDemo/Pods-TILVBDemo-resources.sh\"\n";
			showEnvVarsInLog = 0;
		};
		76579F473802D60BB9D0BEEA /* [CP] Check Pods Manifest.lock */ = {
			isa = PBXShellScriptBuildPhase;
			buildActionMask = 2147483647;
			files = (
			);
			inputPaths = (
				"${PODS_PODFILE_DIR_PATH}/Podfile.lock",
				"${PODS_ROOT}/Manifest.lock",
			);
			name = "[CP] Check Pods Manifest.lock";
			outputPaths = (
				"$(DERIVED_FILE_DIR)/Pods-TILVBDemo-checkManifestLockResult.txt",
			);
			runOnlyForDeploymentPostprocessing = 0;
			shellPath = /bin/sh;
			shellScript = "diff \"${PODS_PODFILE_DIR_PATH}/Podfile.lock\" \"${PODS_ROOT}/Manifest.lock\" > /dev/null\nif [ $? != 0 ] ; then\n    # print error to STDERR\n    echo \"error: The sandbox is not in sync with the Podfile.lock. Run 'pod install' or update your CocoaPods installation.\" >&2\n    exit 1\nfi\n# This output is used by Xcode 'outputs' to avoid re-running this script phase.\necho \"SUCCESS\" > \"${SCRIPT_OUTPUT_FILE_0}\"\n";
			showEnvVarsInLog = 0;
		};
		7A61D711930DF47583032E2F /* [CP] Embed Pods Frameworks */ = {
			isa = PBXShellScriptBuildPhase;
			buildActionMask = 2147483647;
			files = (
			);
			inputPaths = (
			);
			name = "[CP] Embed Pods Frameworks";
			outputPaths = (
			);
			runOnlyForDeploymentPostprocessing = 0;
			shellPath = /bin/sh;
			shellScript = "\"${SRCROOT}/Pods/Target Support Files/Pods-TILVBDemo/Pods-TILVBDemo-frameworks.sh\"\n";
			showEnvVarsInLog = 0;
		};
/* End PBXShellScriptBuildPhase section */

/* Begin PBXSourcesBuildPhase section */
		3B0E821D1FC7D06F002EC856 /* Sources */ = {
			isa = PBXSourcesBuildPhase;
			buildActionMask = 2147483647;
			files = (
				3B2FB6931FCD5D4400DC5A51 /* UIColor+MLPFlatColors.m in Sources */,
				3B0E82641FC80B3E002EC856 /* LoginViewController.m in Sources */,
				3B2FB6971FCD5D4400DC5A51 /* UIView+ShakeAnimation.m in Sources */,
				3B0E82711FC81C84002EC856 /* TILVBRequestServer.m in Sources */,
				3B0E82741FC81F96002EC856 /* TILVBRequestServer+RequestManager.m in Sources */,
				3B2FB6941FCD5D4400DC5A51 /* UIImage+Common.m in Sources */,
				3B0E825A1FC808FD002EC856 /* AppDelegate.m in Sources */,
				3BCEA2971FCBE34700D0D8EB /* LoginRequest.m in Sources */,
				3BCEA2981FCBE34700D0D8EB /* RegistRequest.m in Sources */,
				3BCEA2931FCBE34700D0D8EB /* BaseRequest.m in Sources */,
				3BCEA2CC1FCC084000D0D8EB /* LiveMainViewController.m in Sources */,
				3B2FB6951FCD5D4400DC5A51 /* UIImage+TintColor.m in Sources */,
				3B2FB69A1FCD601500DC5A51 /* RoomListRequest.m in Sources */,
				3BCEA2CF1FCD170200D0D8EB /* LiveListViewController.m in Sources */,
				3BCEA2D21FCD173B00D0D8EB /* RecordListViewController.m in Sources */,
				3B0E82341FC7D06F002EC856 /* main.m in Sources */,
				3BCEA29A1FCBE34700D0D8EB /* WebServiceEngine.m in Sources */,
				3BCEA2C61FCBFD7000D0D8EB /* AlertHelp.m in Sources */,
				3B2FB6861FCD5A1B00DC5A51 /* LiveListTableViewCell.m in Sources */,
				3BCEA2991FCBE34700D0D8EB /* WebModels.m in Sources */,
				3BCEA2941FCBE34700D0D8EB /* JSONKit.m in Sources */,
				3BCEA2961FCBE34700D0D8EB /* NSObject+Json.m in Sources */,
				3B2FB6961FCD5D4400DC5A51 /* UIView+CustomAutoLayout.m in Sources */,
				3BCEA2951FCBE34700D0D8EB /* NSMutableDictionary+Json.m in Sources */,
				3B0E82611FC80B1F002EC856 /* RegistViewController.m in Sources */,
			);
			runOnlyForDeploymentPostprocessing = 0;
		};
		3B0E82351FC7D06F002EC856 /* Sources */ = {
			isa = PBXSourcesBuildPhase;
			buildActionMask = 2147483647;
			files = (
				3B0E823E1FC7D06F002EC856 /* TILVBDemoTests.m in Sources */,
			);
			runOnlyForDeploymentPostprocessing = 0;
		};
		3B0E82401FC7D06F002EC856 /* Sources */ = {
			isa = PBXSourcesBuildPhase;
			buildActionMask = 2147483647;
			files = (
				3B0E82491FC7D070002EC856 /* TILVBDemoUITests.m in Sources */,
			);
			runOnlyForDeploymentPostprocessing = 0;
		};
/* End PBXSourcesBuildPhase section */

/* Begin PBXTargetDependency section */
		3B0E823B1FC7D06F002EC856 /* PBXTargetDependency */ = {
			isa = PBXTargetDependency;
			target = 3B0E82201FC7D06F002EC856 /* TILVBDemo */;
			targetProxy = 3B0E823A1FC7D06F002EC856 /* PBXContainerItemProxy */;
		};
		3B0E82461FC7D06F002EC856 /* PBXTargetDependency */ = {
			isa = PBXTargetDependency;
			target = 3B0E82201FC7D06F002EC856 /* TILVBDemo */;
			targetProxy = 3B0E82451FC7D06F002EC856 /* PBXContainerItemProxy */;
		};
/* End PBXTargetDependency section */

/* Begin PBXVariantGroup section */
		3B0E822F1FC7D06F002EC856 /* LaunchScreen.storyboard */ = {
			isa = PBXVariantGroup;
			children = (
				3B0E82301FC7D06F002EC856 /* Base */,
			);
			name = LaunchScreen.storyboard;
			sourceTree = "<group>";
		};
/* End PBXVariantGroup section */

/* Begin XCBuildConfiguration section */
		3B0E824B1FC7D070002EC856 /* Debug */ = {
			isa = XCBuildConfiguration;
			buildSettings = {
				ALWAYS_SEARCH_USER_PATHS = NO;
				CLANG_ANALYZER_NONNULL = YES;
				CLANG_ANALYZER_NUMBER_OBJECT_CONVERSION = YES_AGGRESSIVE;
				CLANG_CXX_LANGUAGE_STANDARD = "gnu++14";
				CLANG_CXX_LIBRARY = "libc++";
				CLANG_ENABLE_MODULES = YES;
				CLANG_ENABLE_OBJC_ARC = YES;
				CLANG_WARN_BLOCK_CAPTURE_AUTORELEASING = YES;
				CLANG_WARN_BOOL_CONVERSION = YES;
				CLANG_WARN_COMMA = YES;
				CLANG_WARN_CONSTANT_CONVERSION = YES;
				CLANG_WARN_DIRECT_OBJC_ISA_USAGE = YES_ERROR;
				CLANG_WARN_DOCUMENTATION_COMMENTS = YES;
				CLANG_WARN_EMPTY_BODY = YES;
				CLANG_WARN_ENUM_CONVERSION = YES;
				CLANG_WARN_INFINITE_RECURSION = YES;
				CLANG_WARN_INT_CONVERSION = YES;
				CLANG_WARN_NON_LITERAL_NULL_CONVERSION = YES;
				CLANG_WARN_OBJC_LITERAL_CONVERSION = YES;
				CLANG_WARN_OBJC_ROOT_CLASS = YES_ERROR;
				CLANG_WARN_RANGE_LOOP_ANALYSIS = YES;
				CLANG_WARN_STRICT_PROTOTYPES = YES;
				CLANG_WARN_SUSPICIOUS_MOVE = YES;
				CLANG_WARN_UNGUARDED_AVAILABILITY = YES_AGGRESSIVE;
				CLANG_WARN_UNREACHABLE_CODE = YES;
				CLANG_WARN__DUPLICATE_METHOD_MATCH = YES;
				CODE_SIGN_IDENTITY = "iPhone Developer";
				COPY_PHASE_STRIP = NO;
				DEBUG_INFORMATION_FORMAT = dwarf;
				ENABLE_STRICT_OBJC_MSGSEND = YES;
				ENABLE_TESTABILITY = YES;
				GCC_C_LANGUAGE_STANDARD = gnu11;
				GCC_DYNAMIC_NO_PIC = NO;
				GCC_NO_COMMON_BLOCKS = YES;
				GCC_OPTIMIZATION_LEVEL = 0;
				GCC_PREPROCESSOR_DEFINITIONS = (
					"DEBUG=1",
					"$(inherited)",
				);
				GCC_WARN_64_TO_32_BIT_CONVERSION = YES;
				GCC_WARN_ABOUT_RETURN_TYPE = YES_ERROR;
				GCC_WARN_UNDECLARED_SELECTOR = YES;
				GCC_WARN_UNINITIALIZED_AUTOS = YES_AGGRESSIVE;
				GCC_WARN_UNUSED_FUNCTION = YES;
				GCC_WARN_UNUSED_VARIABLE = YES;
				IPHONEOS_DEPLOYMENT_TARGET = 11.1;
				MTL_ENABLE_DEBUG_INFO = YES;
				ONLY_ACTIVE_ARCH = YES;
				SDKROOT = iphoneos;
			};
			name = Debug;
		};
		3B0E824C1FC7D070002EC856 /* Release */ = {
			isa = XCBuildConfiguration;
			buildSettings = {
				ALWAYS_SEARCH_USER_PATHS = NO;
				CLANG_ANALYZER_NONNULL = YES;
				CLANG_ANALYZER_NUMBER_OBJECT_CONVERSION = YES_AGGRESSIVE;
				CLANG_CXX_LANGUAGE_STANDARD = "gnu++14";
				CLANG_CXX_LIBRARY = "libc++";
				CLANG_ENABLE_MODULES = YES;
				CLANG_ENABLE_OBJC_ARC = YES;
				CLANG_WARN_BLOCK_CAPTURE_AUTORELEASING = YES;
				CLANG_WARN_BOOL_CONVERSION = YES;
				CLANG_WARN_COMMA = YES;
				CLANG_WARN_CONSTANT_CONVERSION = YES;
				CLANG_WARN_DIRECT_OBJC_ISA_USAGE = YES_ERROR;
				CLANG_WARN_DOCUMENTATION_COMMENTS = YES;
				CLANG_WARN_EMPTY_BODY = YES;
				CLANG_WARN_ENUM_CONVERSION = YES;
				CLANG_WARN_INFINITE_RECURSION = YES;
				CLANG_WARN_INT_CONVERSION = YES;
				CLANG_WARN_NON_LITERAL_NULL_CONVERSION = YES;
				CLANG_WARN_OBJC_LITERAL_CONVERSION = YES;
				CLANG_WARN_OBJC_ROOT_CLASS = YES_ERROR;
				CLANG_WARN_RANGE_LOOP_ANALYSIS = YES;
				CLANG_WARN_STRICT_PROTOTYPES = YES;
				CLANG_WARN_SUSPICIOUS_MOVE = YES;
				CLANG_WARN_UNGUARDED_AVAILABILITY = YES_AGGRESSIVE;
				CLANG_WARN_UNREACHABLE_CODE = YES;
				CLANG_WARN__DUPLICATE_METHOD_MATCH = YES;
				CODE_SIGN_IDENTITY = "iPhone Developer";
				COPY_PHASE_STRIP = NO;
				DEBUG_INFORMATION_FORMAT = "dwarf-with-dsym";
				ENABLE_NS_ASSERTIONS = NO;
				ENABLE_STRICT_OBJC_MSGSEND = YES;
				GCC_C_LANGUAGE_STANDARD = gnu11;
				GCC_NO_COMMON_BLOCKS = YES;
				GCC_WARN_64_TO_32_BIT_CONVERSION = YES;
				GCC_WARN_ABOUT_RETURN_TYPE = YES_ERROR;
				GCC_WARN_UNDECLARED_SELECTOR = YES;
				GCC_WARN_UNINITIALIZED_AUTOS = YES_AGGRESSIVE;
				GCC_WARN_UNUSED_FUNCTION = YES;
				GCC_WARN_UNUSED_VARIABLE = YES;
				IPHONEOS_DEPLOYMENT_TARGET = 11.1;
				MTL_ENABLE_DEBUG_INFO = NO;
				SDKROOT = iphoneos;
				VALIDATE_PRODUCT = YES;
			};
			name = Release;
		};
		3B0E824E1FC7D070002EC856 /* Debug */ = {
			isa = XCBuildConfiguration;
			baseConfigurationReference = 304BD778ED04B9418ED15E8E /* Pods-TILVBDemo.debug.xcconfig */;
			buildSettings = {
				ASSETCATALOG_COMPILER_APPICON_NAME = AppIcon;
				CODE_SIGN_STYLE = Automatic;
				DEVELOPMENT_TEAM = TPXMNBN2HM;
				ENABLE_BITCODE = NO;
				FRAMEWORK_SEARCH_PATHS = (
					"$(inherited)",
					"$(PROJECT_DIR)/ILVBSDKs/AVSDK",
					"$(PROJECT_DIR)/ILVBSDKs/ILiveSDK",
					"$(PROJECT_DIR)/ILVBSDKs/IMSDK",
					"$(PROJECT_DIR)/ILVBSDKs/QAVEffect",
				);
				GCC_PRECOMPILE_PREFIX_HEADER = YES;
				GCC_PREFIX_HEADER = TILVBDemo/TILVBDemo.pch;
				INFOPLIST_FILE = TILVBDemo/Info.plist;
				IPHONEOS_DEPLOYMENT_TARGET = 8.0;
				LD_RUNPATH_SEARCH_PATHS = "$(inherited) @executable_path/Frameworks";
				OTHER_LDFLAGS = (
					"-ObjC",
					"-l\"AFNetworking\"",
					"-l\"MJRefresh\"",
					"-l\"SVProgressHUD\"",
				);
				PRODUCT_BUNDLE_IDENTIFIER = com.lonch.TILVBDemo;
				PRODUCT_NAME = "$(TARGET_NAME)";
				TARGETED_DEVICE_FAMILY = "1,2";
			};
			name = Debug;
		};
		3B0E824F1FC7D070002EC856 /* Release */ = {
			isa = XCBuildConfiguration;
			baseConfigurationReference = 018B9F5A18C8B8CC563ADE15 /* Pods-TILVBDemo.release.xcconfig */;
			buildSettings = {
				ASSETCATALOG_COMPILER_APPICON_NAME = AppIcon;
				CODE_SIGN_STYLE = Automatic;
				DEVELOPMENT_TEAM = TPXMNBN2HM;
				ENABLE_BITCODE = NO;
				FRAMEWORK_SEARCH_PATHS = (
					"$(inherited)",
					"$(PROJECT_DIR)/ILVBSDKs/AVSDK",
					"$(PROJECT_DIR)/ILVBSDKs/ILiveSDK",
					"$(PROJECT_DIR)/ILVBSDKs/IMSDK",
					"$(PROJECT_DIR)/ILVBSDKs/QAVEffect",
				);
				GCC_PRECOMPILE_PREFIX_HEADER = YES;
				GCC_PREFIX_HEADER = TILVBDemo/TILVBDemo.pch;
				INFOPLIST_FILE = TILVBDemo/Info.plist;
				IPHONEOS_DEPLOYMENT_TARGET = 8.0;
				LD_RUNPATH_SEARCH_PATHS = "$(inherited) @executable_path/Frameworks";
				OTHER_LDFLAGS = (
					"-ObjC",
					"-l\"AFNetworking\"",
					"-l\"MJRefresh\"",
					"-l\"SVProgressHUD\"",
				);
				PRODUCT_BUNDLE_IDENTIFIER = com.lonch.TILVBDemo;
				PRODUCT_NAME = "$(TARGET_NAME)";
				TARGETED_DEVICE_FAMILY = "1,2";
			};
			name = Release;
		};
		3B0E82511FC7D070002EC856 /* Debug */ = {
			isa = XCBuildConfiguration;
			buildSettings = {
				BUNDLE_LOADER = "$(TEST_HOST)";
				CODE_SIGN_STYLE = Automatic;
				DEVELOPMENT_TEAM = TPXMNBN2HM;
				INFOPLIST_FILE = TILVBDemoTests/Info.plist;
				LD_RUNPATH_SEARCH_PATHS = "$(inherited) @executable_path/Frameworks @loader_path/Frameworks";
				PRODUCT_BUNDLE_IDENTIFIER = com.lonch.TILVBDemoTests;
				PRODUCT_NAME = "$(TARGET_NAME)";
				TARGETED_DEVICE_FAMILY = "1,2";
				TEST_HOST = "$(BUILT_PRODUCTS_DIR)/TILVBDemo.app/TILVBDemo";
			};
			name = Debug;
		};
		3B0E82521FC7D070002EC856 /* Release */ = {
			isa = XCBuildConfiguration;
			buildSettings = {
				BUNDLE_LOADER = "$(TEST_HOST)";
				CODE_SIGN_STYLE = Automatic;
				DEVELOPMENT_TEAM = TPXMNBN2HM;
				INFOPLIST_FILE = TILVBDemoTests/Info.plist;
				LD_RUNPATH_SEARCH_PATHS = "$(inherited) @executable_path/Frameworks @loader_path/Frameworks";
				PRODUCT_BUNDLE_IDENTIFIER = com.lonch.TILVBDemoTests;
				PRODUCT_NAME = "$(TARGET_NAME)";
				TARGETED_DEVICE_FAMILY = "1,2";
				TEST_HOST = "$(BUILT_PRODUCTS_DIR)/TILVBDemo.app/TILVBDemo";
			};
			name = Release;
		};
		3B0E82541FC7D070002EC856 /* Debug */ = {
			isa = XCBuildConfiguration;
			buildSettings = {
				CODE_SIGN_STYLE = Automatic;
				DEVELOPMENT_TEAM = TPXMNBN2HM;
				INFOPLIST_FILE = TILVBDemoUITests/Info.plist;
				LD_RUNPATH_SEARCH_PATHS = "$(inherited) @executable_path/Frameworks @loader_path/Frameworks";
				PRODUCT_BUNDLE_IDENTIFIER = com.lonch.TILVBDemoUITests;
				PRODUCT_NAME = "$(TARGET_NAME)";
				TARGETED_DEVICE_FAMILY = "1,2";
				TEST_TARGET_NAME = TILVBDemo;
			};
			name = Debug;
		};
		3B0E82551FC7D070002EC856 /* Release */ = {
			isa = XCBuildConfiguration;
			buildSettings = {
				CODE_SIGN_STYLE = Automatic;
				DEVELOPMENT_TEAM = TPXMNBN2HM;
				INFOPLIST_FILE = TILVBDemoUITests/Info.plist;
				LD_RUNPATH_SEARCH_PATHS = "$(inherited) @executable_path/Frameworks @loader_path/Frameworks";
				PRODUCT_BUNDLE_IDENTIFIER = com.lonch.TILVBDemoUITests;
				PRODUCT_NAME = "$(TARGET_NAME)";
				TARGETED_DEVICE_FAMILY = "1,2";
				TEST_TARGET_NAME = TILVBDemo;
			};
			name = Release;
		};
/* End XCBuildConfiguration section */

/* Begin XCConfigurationList section */
		3B0E821C1FC7D06F002EC856 /* Build configuration list for PBXProject "TILVBDemo" */ = {
			isa = XCConfigurationList;
			buildConfigurations = (
				3B0E824B1FC7D070002EC856 /* Debug */,
				3B0E824C1FC7D070002EC856 /* Release */,
			);
			defaultConfigurationIsVisible = 0;
			defaultConfigurationName = Release;
		};
		3B0E824D1FC7D070002EC856 /* Build configuration list for PBXNativeTarget "TILVBDemo" */ = {
			isa = XCConfigurationList;
			buildConfigurations = (
				3B0E824E1FC7D070002EC856 /* Debug */,
				3B0E824F1FC7D070002EC856 /* Release */,
			);
			defaultConfigurationIsVisible = 0;
			defaultConfigurationName = Release;
		};
		3B0E82501FC7D070002EC856 /* Build configuration list for PBXNativeTarget "TILVBDemoTests" */ = {
			isa = XCConfigurationList;
			buildConfigurations = (
				3B0E82511FC7D070002EC856 /* Debug */,
				3B0E82521FC7D070002EC856 /* Release */,
			);
			defaultConfigurationIsVisible = 0;
			defaultConfigurationName = Release;
		};
		3B0E82531FC7D070002EC856 /* Build configuration list for PBXNativeTarget "TILVBDemoUITests" */ = {
			isa = XCConfigurationList;
			buildConfigurations = (
				3B0E82541FC7D070002EC856 /* Debug */,
				3B0E82551FC7D070002EC856 /* Release */,
			);
			defaultConfigurationIsVisible = 0;
			defaultConfigurationName = Release;
		};
/* End XCConfigurationList section */
	};
	rootObject = 3B0E82191FC7D06F002EC856 /* Project object */;
}
